
Microsoft Visual Studio Solution File, Format Version 12.00
# Visual Studio 15
VisualStudioVersion = 15.0.28307.960
MinimumVisualStudioVersion = 10.0.40219.1
Project("{8BC9CEB8-8B4A-11D0-8D11-00A0C91BC942}") = "leetcode-c", "leetcode-c.vcxproj", "{ECAB8BBE-B64E-4128-9D0E-34BB02D8F1E2}"
EndProject
Global
	GlobalSection(SolutionConfigurationPlatforms) = preSolution
		Debug|ARM = Debug|ARM
		Debug|ARM64 = Debug|ARM64
		Debug|x64 = Debug|x64
		Debug|x86 = Debug|x86
		Release|ARM = Release|ARM
		Release|ARM64 = Release|ARM64
		Release|x64 = Release|x64
		Release|x86 = Release|x86
	EndGlobalSection
	GlobalSection(ProjectConfigurationPlatforms) = postSolution
		{ECAB8BBE-B64E-4128-9D0E-34BB02D8F1E2}.Debug|ARM.ActiveCfg = Debug|ARM
		{ECAB8BBE-B64E-4128-9D0E-34BB02D8F1E2}.Debug|ARM.Build.0 = Debug|ARM
		{ECAB8BBE-B64E-4128-9D0E-34BB02D8F1E2}.Debug|ARM64.ActiveCfg = Debug|ARM64
		{ECAB8BBE-B64E-4128-9D0E-34BB02D8F1E2}.Debug|ARM64.Build.0 = Debug|ARM64
		{ECAB8BBE-B64E-4128-9D0E-34BB02D8F1E2}.Debug|x64.ActiveCfg = Debug|x64
		{ECAB8BBE-B64E-4128-9D0E-34BB02D8F1E2}.Debug|x64.Build.0 = Debug|x64
		{ECAB8BBE-B64E-4128-9D0E-34BB02D8F1E2}.Debug|x86.ActiveCfg = Debug|x86
		{ECAB8BBE-B64E-4128-9D0E-34BB02D8F1E2}.Debug|x86.Build.0 = Debug|x86
		{ECAB8BBE-B64E-4128-9D0E-34BB02D8F1E2}.Release|ARM.ActiveCfg = Release|ARM
		{ECAB8BBE-B64E-4128-9D0E-34BB02D8F1E2}.Release|ARM.Build.0 = Release|ARM
		{ECAB8BBE-B64E-4128-9D0E-34BB02D8F1E2}.Release|ARM64.ActiveCfg = Release|ARM64
		{ECAB8BBE-B64E-4128-9D0E-34BB02D8F1E2}.Release|ARM64.Build.0 = Release|ARM64
		{ECAB8BBE-B64E-4128-9D0E-34BB02D8F1E2}.Release|x64.ActiveCfg = Release|x64
		{ECAB8BBE-B64E-4128-9D0E-34BB02D8F1E2}.Release|x64.Build.0 = Release|x64
		{ECAB8BBE-B64E-4128-9D0E-34BB02D8F1E2}.Release|x86.ActiveCfg = Release|x86
		{ECAB8BBE-B64E-4128-9D0E-34BB02D8F1E2}.Release|x86.Build.0 = Release|x86
	EndGlobalSection
	GlobalSection(SolutionProperties) = preSolution
		HideSolutionNode = FALSE
	EndGlobalSection
	GlobalSection(ExtensibilityGlobals) = postSolution
		SolutionGuid = {AE10178B-FBD5-444E-BF69-7C79F9429B11}
	EndGlobalSection
EndGlobal
